
Microsoft Visual Studio Solution File, Format Version 12.00
Project("{FAE04EC0-301F-11D3-BF4B-00C04F79EFBC}") = "EquipListLib", "EquipListLib\EquipListLib.csproj", "{8C1CFABD-CC57-47E0-A49D-1BD8E6E03103}"
EndProject
Global
	GlobalSection(SolutionConfigurationPlatforms) = preSolution
		Debug|Any CPU = Debug|Any CPU
		Release|Any CPU = Release|Any CPU
	EndGlobalSection
	GlobalSection(ProjectConfigurationPlatforms) = postSolution
		{8C1CFABD-CC57-47E0-A49D-1BD8E6E03103}.Debug|Any CPU.ActiveCfg = Debug|Any CPU
		{8C1CFABD-CC57-47E0-A49D-1BD8E6E03103}.Debug|Any CPU.Build.0 = Debug|Any CPU
		{8C1CFABD-CC57-47E0-A49D-1BD8E6E03103}.Release|Any CPU.ActiveCfg = Release|Any CPU
		{8C1CFABD-CC57-47E0-A49D-1BD8E6E03103}.Release|Any CPU.Build.0 = Release|Any CPU
	EndGlobalSection
EndGlobal
